
Microsoft Visual Studio Solution File, Format Version 12.00
# Visual Studio Version 17
VisualStudioVersion = 17.0.32112.339
MinimumVisualStudioVersion = 10.0.40219.1
Project("{9A19103F-16F7-4668-BE54-9A1E7A4F7556}") = "SmartEnum", "src\SmartEnum\SmartEnum.csproj", "{2A1AA760-8929-433C-BC27-5513F0289842}"
EndProject
Project("{9A19103F-16F7-4668-BE54-9A1E7A4F7556}") = "SmartEnum.UnitTests", "test\SmartEnum.UnitTests\SmartEnum.UnitTests.csproj", "{7EC129B9-8A9B-469E-A160-8C351161F097}"
EndProject
Project("{2150E333-8FDC-42A3-9474-1A3956D46DE8}") = "Solution", "Solution", "{E458C16C-956D-48B1-B673-C202B96CC748}"
	ProjectSection(SolutionItems) = preProject
		.editorconfig = .editorconfig
		.gitignore = .gitignore
		azure-pipelines.yml = azure-pipelines.yml
		Directory.Build.props = Directory.Build.props
		LICENSE = LICENSE
		nuget.txt = nuget.txt
		README.md = README.md
		SmartEnumTests.ruleset = SmartEnumTests.ruleset
	EndProjectSection
EndProject
Project("{9A19103F-16F7-4668-BE54-9A1E7A4F7556}") = "SmartEnum.Benchmarks", "benchmarks\SmartEnum.Benchmarks\SmartEnum.Benchmarks.csproj", "{0F0C288D-39BA-4E83-A7FE-3B90D7CF250A}"
EndProject
Project("{9A19103F-16F7-4668-BE54-9A1E7A4F7556}") = "SmartEnum.AutoFixture", "src\SmartEnum.AutoFixture\SmartEnum.AutoFixture.csproj", "{2D6FEC9B-F2B4-4B6F-8FBC-73F8ED6D0843}"
EndProject
Project("{9A19103F-16F7-4668-BE54-9A1E7A4F7556}") = "SmartEnum.AutoFixture.UnitTests", "test\SmartEnum.AutoFixture.UnitTests\SmartEnum.AutoFixture.UnitTests.csproj", "{5FE49DE4-C835-4FD7-BF83-6253ED3DEDD1}"
EndProject
Project("{9A19103F-16F7-4668-BE54-9A1E7A4F7556}") = "SmartEnum.JsonNet", "src\SmartEnum.JsonNet\SmartEnum.JsonNet.csproj", "{0293FF49-E253-48D2-A11D-3ED3D81BDF64}"
EndProject
Project("{9A19103F-16F7-4668-BE54-9A1E7A4F7556}") = "SmartEnum.JsonNet.UnitTests", "test\SmartEnum.JsonNet.UnitTests\SmartEnum.JsonNet.UnitTests.csproj", "{3E78F627-5D62-411B-AA93-44311AD86284}"
EndProject
Project("{9A19103F-16F7-4668-BE54-9A1E7A4F7556}") = "SmartEnum.MessagePack", "src\SmartEnum.MessagePack\SmartEnum.MessagePack.csproj", "{A33AB3A6-3095-436C-A732-5B0FDF60D974}"
EndProject
Project("{9A19103F-16F7-4668-BE54-9A1E7A4F7556}") = "SmartEnum.MessagePack.UnitTests", "test\SmartEnum.MessagePack.UnitTests\SmartEnum.MessagePack.UnitTests.csproj", "{DB418628-F36F-4278-A34D-E5BDD35F4707}"
EndProject
Project("{9A19103F-16F7-4668-BE54-9A1E7A4F7556}") = "SmartEnum.ProtoBufNet", "src\SmartEnum.ProtoBufNet\SmartEnum.ProtoBufNet.csproj", "{E42A9786-7093-47EE-9916-DC478E922734}"
EndProject
Project("{9A19103F-16F7-4668-BE54-9A1E7A4F7556}") = "SmartEnum.ProtoBufNet.UnitTests", "test\SmartEnum.ProtoBufNet.UnitTests\SmartEnum.ProtoBufNet.UnitTests.csproj", "{C65837A3-1AB1-4AD4-9D9E-C3FF437A5714}"
EndProject
Project("{9A19103F-16F7-4668-BE54-9A1E7A4F7556}") = "SmartEnum.Utf8Json", "src\SmartEnum.Utf8Json\SmartEnum.Utf8Json.csproj", "{8FC7B9E5-B651-42BC-B21B-B45F0C8A239B}"
EndProject
Project("{9A19103F-16F7-4668-BE54-9A1E7A4F7556}") = "SmartEnum.Utf8Json.UnitTests", "test\SmartEnum.Utf8Json.UnitTests\SmartEnum.Utf8Json.UnitTests.csproj", "{66EF3D1A-32AE-4B28-BC3E-7441615722A9}"
EndProject
Project("{2150E333-8FDC-42A3-9474-1A3956D46DE8}") = "tests", "tests", "{79268877-BBEF-4DE2-B8D9-697F21933159}"
	ProjectSection(SolutionItems) = preProject
		test\Directory.Build.props = test\Directory.Build.props
	EndProjectSection
EndProject
Project("{2150E333-8FDC-42A3-9474-1A3956D46DE8}") = "src", "src", "{FA199ECB-5F29-442A-AAC6-91DBCB7A5A04}"
EndProject
Project("{2150E333-8FDC-42A3-9474-1A3956D46DE8}") = "benchmarks", "benchmarks", "{5952C160-ABAA-4302-9150-0928E82545B1}"
EndProject
Project("{9A19103F-16F7-4668-BE54-9A1E7A4F7556}") = "SmartFlagEnum.UnitTests", "test\SmartFlagEnum.UnitTests\SmartFlagEnum.UnitTests.csproj", "{A927CEF1-A29C-4A8B-A590-7907ED93231F}"
EndProject
Project("{9A19103F-16F7-4668-BE54-9A1E7A4F7556}") = "SmartEnum.SystemTextJson", "src\SmartEnum.SystemTextJson\SmartEnum.SystemTextJson.csproj", "{A7F1C0E7-F641-4800-98DA-FA7A7B7B76E9}"
EndProject
Project("{9A19103F-16F7-4668-BE54-9A1E7A4F7556}") = "SmartEnum.SystemTextJson.UnitTests", "test\SmartEnum.SystemTextJson.UnitTests\SmartEnum.SystemTextJson.UnitTests.csproj", "{3EBD6CA5-CF2C-4350-922E-CEE2AE01445A}"
EndProject
Project("{9A19103F-16F7-4668-BE54-9A1E7A4F7556}") = "SmartEnum.EFCore", "src\SmartEnum.EFCore\SmartEnum.EFCore.csproj", "{CDA8EF6E-F678-4FD3-80B0-5C61FC76EE51}"
EndProject
Project("{9A19103F-16F7-4668-BE54-9A1E7A4F7556}") = "SmartEnum.EFCore.IntegrationTests", "test\SmartEnum.EFCore.IntegrationTests\SmartEnum.EFCore.IntegrationTests.csproj", "{DF5E3B19-AE8E-48A4-B023-4FA42D6EA8FF}"
EndProject
Project("{2150E333-8FDC-42A3-9474-1A3956D46DE8}") = "IntegrationTests", "IntegrationTests", "{EF5634F4-4667-4481-934C-D1CFA042AD0B}"
EndProject
Project("{9A19103F-16F7-4668-BE54-9A1E7A4F7556}") = "SmartEnum.ModelBinding", "src\SmartEnum.ModelBinding\SmartEnum.ModelBinding.csproj", "{C9028EC4-2B46-4A4F-BDE8-BC249BFB0C5A}"
EndProject
Project("{9A19103F-16F7-4668-BE54-9A1E7A4F7556}") = "SmartEnum.Dapper", "src\SmartEnum.Dapper\SmartEnum.Dapper.csproj", "{7E08FCFA-2318-4D36-BAB5-8AFA41F00CC3}"
EndProject
Project("{9A19103F-16F7-4668-BE54-9A1E7A4F7556}") = "SmartEnum.Dapper.UnitTests", "test\SmartEnum.Dapper.UnitTests\SmartEnum.Dapper.UnitTests.csproj", "{ADBD5097-87A4-492B-9399-6A4CCC53CD5A}"
EndProject
Project("{9A19103F-16F7-4668-BE54-9A1E7A4F7556}") = "SmartEnum.Dapper.IntegrationTests", "test\SmartEnum.Dapper.IntegrationTests\SmartEnum.Dapper.IntegrationTests.csproj", "{ACCA93E9-EE80-490C-81A3-824086E4EA2F}"
EndProject
Project("{FAE04EC0-301F-11D3-BF4B-00C04F79EFBC}") = "SmartEnum.SourceGenerator", "src\SmartEnum.SourceGenerator\SmartEnum.SourceGenerator.csproj", "{B37A3D40-E954-4100-AC02-1F549B127487}"
EndProject
Project("{FAE04EC0-301F-11D3-BF4B-00C04F79EFBC}") = "SmartEnum.SourceGenerator.UnitTests", "test\SmartEnum.SourceGenerator.UnitTests\SmartEnum.SourceGenerator.UnitTests.csproj", "{5829243E-F6DF-4A5E-997E-B810F95F11D3}"
EndProject
Global
	GlobalSection(SolutionConfigurationPlatforms) = preSolution
		Debug|Any CPU = Debug|Any CPU
		Release|Any CPU = Release|Any CPU
	EndGlobalSection
	GlobalSection(ProjectConfigurationPlatforms) = postSolution
		{2A1AA760-8929-433C-BC27-5513F0289842}.Debug|Any CPU.ActiveCfg = Debug|Any CPU
		{2A1AA760-8929-433C-BC27-5513F0289842}.Debug|Any CPU.Build.0 = Debug|Any CPU
		{2A1AA760-8929-433C-BC27-5513F0289842}.Release|Any CPU.ActiveCfg = Release|Any CPU
		{2A1AA760-8929-433C-BC27-5513F0289842}.Release|Any CPU.Build.0 = Release|Any CPU
		{7EC129B9-8A9B-469E-A160-8C351161F097}.Debug|Any CPU.ActiveCfg = Debug|Any CPU
		{7EC129B9-8A9B-469E-A160-8C351161F097}.Debug|Any CPU.Build.0 = Debug|Any CPU
		{7EC129B9-8A9B-469E-A160-8C351161F097}.Release|Any CPU.ActiveCfg = Release|Any CPU
		{7EC129B9-8A9B-469E-A160-8C351161F097}.Release|Any CPU.Build.0 = Release|Any CPU
		{0F0C288D-39BA-4E83-A7FE-3B90D7CF250A}.Debug|Any CPU.ActiveCfg = Debug|Any CPU
		{0F0C288D-39BA-4E83-A7FE-3B90D7CF250A}.Debug|Any CPU.Build.0 = Debug|Any CPU
		{0F0C288D-39BA-4E83-A7FE-3B90D7CF250A}.Release|Any CPU.ActiveCfg = Release|Any CPU
		{0F0C288D-39BA-4E83-A7FE-3B90D7CF250A}.Release|Any CPU.Build.0 = Release|Any CPU
		{2D6FEC9B-F2B4-4B6F-8FBC-73F8ED6D0843}.Debug|Any CPU.ActiveCfg = Debug|Any CPU
		{2D6FEC9B-F2B4-4B6F-8FBC-73F8ED6D0843}.Debug|Any CPU.Build.0 = Debug|Any CPU
		{2D6FEC9B-F2B4-4B6F-8FBC-73F8ED6D0843}.Release|Any CPU.ActiveCfg = Release|Any CPU
		{2D6FEC9B-F2B4-4B6F-8FBC-73F8ED6D0843}.Release|Any CPU.Build.0 = Release|Any CPU
		{5FE49DE4-C835-4FD7-BF83-6253ED3DEDD1}.Debug|Any CPU.ActiveCfg = Debug|Any CPU
		{5FE49DE4-C835-4FD7-BF83-6253ED3DEDD1}.Debug|Any CPU.Build.0 = Debug|Any CPU
		{5FE49DE4-C835-4FD7-BF83-6253ED3DEDD1}.Release|Any CPU.ActiveCfg = Release|Any CPU
		{5FE49DE4-C835-4FD7-BF83-6253ED3DEDD1}.Release|Any CPU.Build.0 = Release|Any CPU
		{0293FF49-E253-48D2-A11D-3ED3D81BDF64}.Debug|Any CPU.ActiveCfg = Debug|Any CPU
		{0293FF49-E253-48D2-A11D-3ED3D81BDF64}.Debug|Any CPU.Build.0 = Debug|Any CPU
		{0293FF49-E253-48D2-A11D-3ED3D81BDF64}.Release|Any CPU.ActiveCfg = Release|Any CPU
		{0293FF49-E253-48D2-A11D-3ED3D81BDF64}.Release|Any CPU.Build.0 = Release|Any CPU
		{3E78F627-5D62-411B-AA93-44311AD86284}.Debug|Any CPU.ActiveCfg = Debug|Any CPU
		{3E78F627-5D62-411B-AA93-44311AD86284}.Debug|Any CPU.Build.0 = Debug|Any CPU
		{3E78F627-5D62-411B-AA93-44311AD86284}.Release|Any CPU.ActiveCfg = Release|Any CPU
		{3E78F627-5D62-411B-AA93-44311AD86284}.Release|Any CPU.Build.0 = Release|Any CPU
		{A33AB3A6-3095-436C-A732-5B0FDF60D974}.Debug|Any CPU.ActiveCfg = Debug|Any CPU
		{A33AB3A6-3095-436C-A732-5B0FDF60D974}.Debug|Any CPU.Build.0 = Debug|Any CPU
		{A33AB3A6-3095-436C-A732-5B0FDF60D974}.Release|Any CPU.ActiveCfg = Release|Any CPU
		{A33AB3A6-3095-436C-A732-5B0FDF60D974}.Release|Any CPU.Build.0 = Release|Any CPU
		{DB418628-F36F-4278-A34D-E5BDD35F4707}.Debug|Any CPU.ActiveCfg = Debug|Any CPU
		{DB418628-F36F-4278-A34D-E5BDD35F4707}.Debug|Any CPU.Build.0 = Debug|Any CPU
		{DB418628-F36F-4278-A34D-E5BDD35F4707}.Release|Any CPU.ActiveCfg = Release|Any CPU
		{DB418628-F36F-4278-A34D-E5BDD35F4707}.Release|Any CPU.Build.0 = Release|Any CPU
		{E42A9786-7093-47EE-9916-DC478E922734}.Debug|Any CPU.ActiveCfg = Debug|Any CPU
		{E42A9786-7093-47EE-9916-DC478E922734}.Debug|Any CPU.Build.0 = Debug|Any CPU
		{E42A9786-7093-47EE-9916-DC478E922734}.Release|Any CPU.ActiveCfg = Release|Any CPU
		{E42A9786-7093-47EE-9916-DC478E922734}.Release|Any CPU.Build.0 = Release|Any CPU
		{C65837A3-1AB1-4AD4-9D9E-C3FF437A5714}.Debug|Any CPU.ActiveCfg = Debug|Any CPU
		{C65837A3-1AB1-4AD4-9D9E-C3FF437A5714}.Debug|Any CPU.Build.0 = Debug|Any CPU
		{C65837A3-1AB1-4AD4-9D9E-C3FF437A5714}.Release|Any CPU.ActiveCfg = Release|Any CPU
		{C65837A3-1AB1-4AD4-9D9E-C3FF437A5714}.Release|Any CPU.Build.0 = Release|Any CPU
		{8FC7B9E5-B651-42BC-B21B-B45F0C8A239B}.Debug|Any CPU.ActiveCfg = Debug|Any CPU
		{8FC7B9E5-B651-42BC-B21B-B45F0C8A239B}.Debug|Any CPU.Build.0 = Debug|Any CPU
		{8FC7B9E5-B651-42BC-B21B-B45F0C8A239B}.Release|Any CPU.ActiveCfg = Release|Any CPU
		{8FC7B9E5-B651-42BC-B21B-B45F0C8A239B}.Release|Any CPU.Build.0 = Release|Any CPU
		{66EF3D1A-32AE-4B28-BC3E-7441615722A9}.Debug|Any CPU.ActiveCfg = Debug|Any CPU
		{66EF3D1A-32AE-4B28-BC3E-7441615722A9}.Debug|Any CPU.Build.0 = Debug|Any CPU
		{66EF3D1A-32AE-4B28-BC3E-7441615722A9}.Release|Any CPU.ActiveCfg = Release|Any CPU
		{66EF3D1A-32AE-4B28-BC3E-7441615722A9}.Release|Any CPU.Build.0 = Release|Any CPU
		{A927CEF1-A29C-4A8B-A590-7907ED93231F}.Debug|Any CPU.ActiveCfg = Debug|Any CPU
		{A927CEF1-A29C-4A8B-A590-7907ED93231F}.Debug|Any CPU.Build.0 = Debug|Any CPU
		{A927CEF1-A29C-4A8B-A590-7907ED93231F}.Release|Any CPU.ActiveCfg = Release|Any CPU
		{A927CEF1-A29C-4A8B-A590-7907ED93231F}.Release|Any CPU.Build.0 = Release|Any CPU
		{A7F1C0E7-F641-4800-98DA-FA7A7B7B76E9}.Debug|Any CPU.ActiveCfg = Debug|Any CPU
		{A7F1C0E7-F641-4800-98DA-FA7A7B7B76E9}.Debug|Any CPU.Build.0 = Debug|Any CPU
		{A7F1C0E7-F641-4800-98DA-FA7A7B7B76E9}.Release|Any CPU.ActiveCfg = Release|Any CPU
		{A7F1C0E7-F641-4800-98DA-FA7A7B7B76E9}.Release|Any CPU.Build.0 = Release|Any CPU
		{3EBD6CA5-CF2C-4350-922E-CEE2AE01445A}.Debug|Any CPU.ActiveCfg = Debug|Any CPU
		{3EBD6CA5-CF2C-4350-922E-CEE2AE01445A}.Debug|Any CPU.Build.0 = Debug|Any CPU
		{3EBD6CA5-CF2C-4350-922E-CEE2AE01445A}.Release|Any CPU.ActiveCfg = Release|Any CPU
		{3EBD6CA5-CF2C-4350-922E-CEE2AE01445A}.Release|Any CPU.Build.0 = Release|Any CPU
		{CDA8EF6E-F678-4FD3-80B0-5C61FC76EE51}.Debug|Any CPU.ActiveCfg = Debug|Any CPU
		{CDA8EF6E-F678-4FD3-80B0-5C61FC76EE51}.Debug|Any CPU.Build.0 = Debug|Any CPU
		{CDA8EF6E-F678-4FD3-80B0-5C61FC76EE51}.Release|Any CPU.ActiveCfg = Release|Any CPU
		{CDA8EF6E-F678-4FD3-80B0-5C61FC76EE51}.Release|Any CPU.Build.0 = Release|Any CPU
		{DF5E3B19-AE8E-48A4-B023-4FA42D6EA8FF}.Debug|Any CPU.ActiveCfg = Debug|Any CPU
		{DF5E3B19-AE8E-48A4-B023-4FA42D6EA8FF}.Debug|Any CPU.Build.0 = Debug|Any CPU
		{DF5E3B19-AE8E-48A4-B023-4FA42D6EA8FF}.Release|Any CPU.ActiveCfg = Release|Any CPU
		{DF5E3B19-AE8E-48A4-B023-4FA42D6EA8FF}.Release|Any CPU.Build.0 = Release|Any CPU
		{C9028EC4-2B46-4A4F-BDE8-BC249BFB0C5A}.Debug|Any CPU.ActiveCfg = Debug|Any CPU
		{C9028EC4-2B46-4A4F-BDE8-BC249BFB0C5A}.Debug|Any CPU.Build.0 = Debug|Any CPU
		{C9028EC4-2B46-4A4F-BDE8-BC249BFB0C5A}.Release|Any CPU.ActiveCfg = Release|Any CPU
		{C9028EC4-2B46-4A4F-BDE8-BC249BFB0C5A}.Release|Any CPU.Build.0 = Release|Any CPU
		{7E08FCFA-2318-4D36-BAB5-8AFA41F00CC3}.Debug|Any CPU.ActiveCfg = Debug|Any CPU
		{7E08FCFA-2318-4D36-BAB5-8AFA41F00CC3}.Debug|Any CPU.Build.0 = Debug|Any CPU
		{7E08FCFA-2318-4D36-BAB5-8AFA41F00CC3}.Release|Any CPU.ActiveCfg = Release|Any CPU
		{7E08FCFA-2318-4D36-BAB5-8AFA41F00CC3}.Release|Any CPU.Build.0 = Release|Any CPU
		{ADBD5097-87A4-492B-9399-6A4CCC53CD5A}.Debug|Any CPU.ActiveCfg = Debug|Any CPU
		{ADBD5097-87A4-492B-9399-6A4CCC53CD5A}.Debug|Any CPU.Build.0 = Debug|Any CPU
		{ADBD5097-87A4-492B-9399-6A4CCC53CD5A}.Release|Any CPU.ActiveCfg = Release|Any CPU
		{ADBD5097-87A4-492B-9399-6A4CCC53CD5A}.Release|Any CPU.Build.0 = Release|Any CPU
		{ACCA93E9-EE80-490C-81A3-824086E4EA2F}.Debug|Any CPU.ActiveCfg = Debug|Any CPU
		{ACCA93E9-EE80-490C-81A3-824086E4EA2F}.Debug|Any CPU.Build.0 = Debug|Any CPU
		{ACCA93E9-EE80-490C-81A3-824086E4EA2F}.Release|Any CPU.ActiveCfg = Release|Any CPU
		{ACCA93E9-EE80-490C-81A3-824086E4EA2F}.Release|Any CPU.Build.0 = Release|Any CPU
		{B37A3D40-E954-4100-AC02-1F549B127487}.Debug|Any CPU.ActiveCfg = Debug|Any CPU
		{B37A3D40-E954-4100-AC02-1F549B127487}.Debug|Any CPU.Build.0 = Debug|Any CPU
		{B37A3D40-E954-4100-AC02-1F549B127487}.Release|Any CPU.ActiveCfg = Release|Any CPU
		{B37A3D40-E954-4100-AC02-1F549B127487}.Release|Any CPU.Build.0 = Release|Any CPU
		{5829243E-F6DF-4A5E-997E-B810F95F11D3}.Debug|Any CPU.ActiveCfg = Debug|Any CPU
		{5829243E-F6DF-4A5E-997E-B810F95F11D3}.Debug|Any CPU.Build.0 = Debug|Any CPU
		{5829243E-F6DF-4A5E-997E-B810F95F11D3}.Release|Any CPU.ActiveCfg = Release|Any CPU
		{5829243E-F6DF-4A5E-997E-B810F95F11D3}.Release|Any CPU.Build.0 = Release|Any CPU
	EndGlobalSection
	GlobalSection(SolutionProperties) = preSolution
		HideSolutionNode = FALSE
	EndGlobalSection
	GlobalSection(NestedProjects) = preSolution
		{2A1AA760-8929-433C-BC27-5513F0289842} = {FA199ECB-5F29-442A-AAC6-91DBCB7A5A04}
		{7EC129B9-8A9B-469E-A160-8C351161F097} = {79268877-BBEF-4DE2-B8D9-697F21933159}
		{0F0C288D-39BA-4E83-A7FE-3B90D7CF250A} = {5952C160-ABAA-4302-9150-0928E82545B1}
		{2D6FEC9B-F2B4-4B6F-8FBC-73F8ED6D0843} = {FA199ECB-5F29-442A-AAC6-91DBCB7A5A04}
		{5FE49DE4-C835-4FD7-BF83-6253ED3DEDD1} = {79268877-BBEF-4DE2-B8D9-697F21933159}
		{0293FF49-E253-48D2-A11D-3ED3D81BDF64} = {FA199ECB-5F29-442A-AAC6-91DBCB7A5A04}
		{3E78F627-5D62-411B-AA93-44311AD86284} = {79268877-BBEF-4DE2-B8D9-697F21933159}
		{A33AB3A6-3095-436C-A732-5B0FDF60D974} = {FA199ECB-5F29-442A-AAC6-91DBCB7A5A04}
		{DB418628-F36F-4278-A34D-E5BDD35F4707} = {79268877-BBEF-4DE2-B8D9-697F21933159}
		{E42A9786-7093-47EE-9916-DC478E922734} = {FA199ECB-5F29-442A-AAC6-91DBCB7A5A04}
		{C65837A3-1AB1-4AD4-9D9E-C3FF437A5714} = {79268877-BBEF-4DE2-B8D9-697F21933159}
		{8FC7B9E5-B651-42BC-B21B-B45F0C8A239B} = {FA199ECB-5F29-442A-AAC6-91DBCB7A5A04}
		{66EF3D1A-32AE-4B28-BC3E-7441615722A9} = {79268877-BBEF-4DE2-B8D9-697F21933159}
		{A927CEF1-A29C-4A8B-A590-7907ED93231F} = {79268877-BBEF-4DE2-B8D9-697F21933159}
		{A7F1C0E7-F641-4800-98DA-FA7A7B7B76E9} = {FA199ECB-5F29-442A-AAC6-91DBCB7A5A04}
		{3EBD6CA5-CF2C-4350-922E-CEE2AE01445A} = {79268877-BBEF-4DE2-B8D9-697F21933159}
		{CDA8EF6E-F678-4FD3-80B0-5C61FC76EE51} = {FA199ECB-5F29-442A-AAC6-91DBCB7A5A04}
		{DF5E3B19-AE8E-48A4-B023-4FA42D6EA8FF} = {EF5634F4-4667-4481-934C-D1CFA042AD0B}
		{EF5634F4-4667-4481-934C-D1CFA042AD0B} = {79268877-BBEF-4DE2-B8D9-697F21933159}
		{C9028EC4-2B46-4A4F-BDE8-BC249BFB0C5A} = {FA199ECB-5F29-442A-AAC6-91DBCB7A5A04}
		{7E08FCFA-2318-4D36-BAB5-8AFA41F00CC3} = {FA199ECB-5F29-442A-AAC6-91DBCB7A5A04}
		{ADBD5097-87A4-492B-9399-6A4CCC53CD5A} = {79268877-BBEF-4DE2-B8D9-697F21933159}
		{ACCA93E9-EE80-490C-81A3-824086E4EA2F} = {EF5634F4-4667-4481-934C-D1CFA042AD0B}
		{B37A3D40-E954-4100-AC02-1F549B127487} = {FA199ECB-5F29-442A-AAC6-91DBCB7A5A04}
		{5829243E-F6DF-4A5E-997E-B810F95F11D3} = {79268877-BBEF-4DE2-B8D9-697F21933159}
	EndGlobalSection
	GlobalSection(ExtensibilityGlobals) = postSolution
		SolutionGuid = {46896DE3-41B8-442F-A6FB-6AC9F11CCBCE}
	EndGlobalSection
EndGlobal
